
Microsoft Visual Studio Solution File, Format Version 12.00
# Visual Studio Version 17
VisualStudioVersion = 17.11.35327.3
MinimumVisualStudioVersion = 10.0.40219.1
Project("{9A19103F-16F7-4668-BE54-9A1E7A4F7556}") = "PrzepisWebAplication", "PrzepisWebAplication\PrzepisWebAplication.csproj", "{7FD3B268-7B82-41B2-BFA9-8811034CCAF1}"
EndProject
Project("{9A19103F-16F7-4668-BE54-9A1E7A4F7556}") = "Przepisy.Data", "Przepisy.Data\Przepisy.Data.csproj", "{15C74EFE-3507-40C7-BB57-FF5D12A6FAFF}"
EndProject
Project("{FAE04EC0-301F-11D3-BF4B-00C04F79EFBC}") = "PrzepisWebApplicationTests", "PrzepisWebApplicationTests\PrzepisWebApplicationTests.csproj", "{0EEC0DF3-45B9-4431-BC97-6262AD9F4E2C}"
EndProject
Global
	GlobalSection(SolutionConfigurationPlatforms) = preSolution
		Debug|Any CPU = Debug|Any CPU
		Release|Any CPU = Release|Any CPU
	EndGlobalSection
	GlobalSection(ProjectConfigurationPlatforms) = postSolution
		{7FD3B268-7B82-41B2-BFA9-8811034CCAF1}.Debug|Any CPU.ActiveCfg = Debug|Any CPU
		{7FD3B268-7B82-41B2-BFA9-8811034CCAF1}.Debug|Any CPU.Build.0 = Debug|Any CPU
		{7FD3B268-7B82-41B2-BFA9-8811034CCAF1}.Release|Any CPU.ActiveCfg = Release|Any CPU
		{7FD3B268-7B82-41B2-BFA9-8811034CCAF1}.Release|Any CPU.Build.0 = Release|Any CPU
		{15C74EFE-3507-40C7-BB57-FF5D12A6FAFF}.Debug|Any CPU.ActiveCfg = Debug|Any CPU
		{15C74EFE-3507-40C7-BB57-FF5D12A6FAFF}.Debug|Any CPU.Build.0 = Debug|Any CPU
		{15C74EFE-3507-40C7-BB57-FF5D12A6FAFF}.Release|Any CPU.ActiveCfg = Release|Any CPU
		{15C74EFE-3507-40C7-BB57-FF5D12A6FAFF}.Release|Any CPU.Build.0 = Release|Any CPU
		{0EEC0DF3-45B9-4431-BC97-6262AD9F4E2C}.Debug|Any CPU.ActiveCfg = Debug|Any CPU
		{0EEC0DF3-45B9-4431-BC97-6262AD9F4E2C}.Debug|Any CPU.Build.0 = Debug|Any CPU
		{0EEC0DF3-45B9-4431-BC97-6262AD9F4E2C}.Release|Any CPU.ActiveCfg = Release|Any CPU
		{0EEC0DF3-45B9-4431-BC97-6262AD9F4E2C}.Release|Any CPU.Build.0 = Release|Any CPU
	EndGlobalSection
	GlobalSection(SolutionProperties) = preSolution
		HideSolutionNode = FALSE
	EndGlobalSection
	GlobalSection(ExtensibilityGlobals) = postSolution
		SolutionGuid = {614CAA69-E5A8-48D7-9DC9-A8CC0C736DE0}
	EndGlobalSection
EndGlobal
